
Microsoft Visual Studio Solution File, Format Version 12.00
# Visual Studio Version 17
VisualStudioVersion = 17.14.36301.6 d17.14
MinimumVisualStudioVersion = 10.0.40219.1
Project("{FAE04EC0-301F-11D3-BF4B-00C04F79EFBC}") = "Banking Transaction Api", "Banking Transaction Api.csproj", "{12B80CC6-C9E2-46B4-98D0-C7B11748AB1D}"
EndProject
Project("{FAE04EC0-301F-11D3-BF4B-00C04F79EFBC}") = "BLL", "..\BLL\BLL.csproj", "{070A983B-7809-4E5D-9153-247F1CB6E60B}"
EndProject
Project("{FAE04EC0-301F-11D3-BF4B-00C04F79EFBC}") = "DAL", "..\DAL\DAL.csproj", "{DDA1B702-B1B0-445A-B474-9D56CEAE836C}"
EndProject
Global
	GlobalSection(SolutionConfigurationPlatforms) = preSolution
		Debug|Any CPU = Debug|Any CPU
		Release|Any CPU = Release|Any CPU
	EndGlobalSection
	GlobalSection(ProjectConfigurationPlatforms) = postSolution
		{12B80CC6-C9E2-46B4-98D0-C7B11748AB1D}.Debug|Any CPU.ActiveCfg = Debug|Any CPU
		{12B80CC6-C9E2-46B4-98D0-C7B11748AB1D}.Debug|Any CPU.Build.0 = Debug|Any CPU
		{12B80CC6-C9E2-46B4-98D0-C7B11748AB1D}.Release|Any CPU.ActiveCfg = Release|Any CPU
		{12B80CC6-C9E2-46B4-98D0-C7B11748AB1D}.Release|Any CPU.Build.0 = Release|Any CPU
		{070A983B-7809-4E5D-9153-247F1CB6E60B}.Debug|Any CPU.ActiveCfg = Debug|Any CPU
		{070A983B-7809-4E5D-9153-247F1CB6E60B}.Debug|Any CPU.Build.0 = Debug|Any CPU
		{070A983B-7809-4E5D-9153-247F1CB6E60B}.Release|Any CPU.ActiveCfg = Release|Any CPU
		{070A983B-7809-4E5D-9153-247F1CB6E60B}.Release|Any CPU.Build.0 = Release|Any CPU
		{DDA1B702-B1B0-445A-B474-9D56CEAE836C}.Debug|Any CPU.ActiveCfg = Debug|Any CPU
		{DDA1B702-B1B0-445A-B474-9D56CEAE836C}.Debug|Any CPU.Build.0 = Debug|Any CPU
		{DDA1B702-B1B0-445A-B474-9D56CEAE836C}.Release|Any CPU.ActiveCfg = Release|Any CPU
		{DDA1B702-B1B0-445A-B474-9D56CEAE836C}.Release|Any CPU.Build.0 = Release|Any CPU
	EndGlobalSection
	GlobalSection(SolutionProperties) = preSolution
		HideSolutionNode = FALSE
	EndGlobalSection
	GlobalSection(ExtensibilityGlobals) = postSolution
		SolutionGuid = {B5C00DA0-3FAB-4997-BB01-4B1FEB1B69AF}
	EndGlobalSection
EndGlobal
